
Microsoft Visual Studio Solution File, Format Version 12.00
# Visual Studio Version 17
VisualStudioVersion = 17.1.32319.34
MinimumVisualStudioVersion = 10.0.40219.1
Project("{FAE04EC0-301F-11D3-BF4B-00C04F79EFBC}") = "TariffComparison", "TariffComparison\TariffComparison.csproj", "{32A77CE6-5F5B-4E0D-BA81-D755A4D4EAF6}"
EndProject
Global
	GlobalSection(SolutionConfigurationPlatforms) = preSolution
		Debug|Any CPU = Debug|Any CPU
		Release|Any CPU = Release|Any CPU
	EndGlobalSection
	GlobalSection(ProjectConfigurationPlatforms) = postSolution
		{32A77CE6-5F5B-4E0D-BA81-D755A4D4EAF6}.Debug|Any CPU.ActiveCfg = Debug|Any CPU
		{32A77CE6-5F5B-4E0D-BA81-D755A4D4EAF6}.Debug|Any CPU.Build.0 = Debug|Any CPU
		{32A77CE6-5F5B-4E0D-BA81-D755A4D4EAF6}.Release|Any CPU.ActiveCfg = Release|Any CPU
		{32A77CE6-5F5B-4E0D-BA81-D755A4D4EAF6}.Release|Any CPU.Build.0 = Release|Any CPU
	EndGlobalSection
	GlobalSection(SolutionProperties) = preSolution
		HideSolutionNode = FALSE
	EndGlobalSection
	GlobalSection(ExtensibilityGlobals) = postSolution
		SolutionGuid = {326906FA-E201-4E92-B5B5-0E95F757DF3F}
	EndGlobalSection
EndGlobal
